
Microsoft Visual Studio Solution File, Format Version 12.00
# Visual Studio Version 16
VisualStudioVersion = 16.0.29728.190
MinimumVisualStudioVersion = 10.0.40219.1
Project("{FAE04EC0-301F-11D3-BF4B-00C04F79EFBC}") = "TP4", "TP4\TP4.csproj", "{3846D7FA-06B7-437B-ABF1-F8B02EE84622}"
EndProject
Global
	GlobalSection(SolutionConfigurationPlatforms) = preSolution
		Debug|Any CPU = Debug|Any CPU
		Release|Any CPU = Release|Any CPU
	EndGlobalSection
	GlobalSection(ProjectConfigurationPlatforms) = postSolution
		{3846D7FA-06B7-437B-ABF1-F8B02EE84622}.Debug|Any CPU.ActiveCfg = Debug|Any CPU
		{3846D7FA-06B7-437B-ABF1-F8B02EE84622}.Debug|Any CPU.Build.0 = Debug|Any CPU
		{3846D7FA-06B7-437B-ABF1-F8B02EE84622}.Release|Any CPU.ActiveCfg = Release|Any CPU
		{3846D7FA-06B7-437B-ABF1-F8B02EE84622}.Release|Any CPU.Build.0 = Release|Any CPU
	EndGlobalSection
	GlobalSection(SolutionProperties) = preSolution
		HideSolutionNode = FALSE
	EndGlobalSection
	GlobalSection(ExtensibilityGlobals) = postSolution
		SolutionGuid = {C3B50323-5FF0-468B-A8BD-8EE2CFEEC863}
	EndGlobalSection
EndGlobal
